// !$*UTF8*$!
{
	archiveVersion = 1;
	classes = {
	};
	objectVersion = 50;
	objects = {

/* Begin PBXBuildFile section */
		E355FD2826793B6D0033D773 /* HomeViewRow.swift in Sources */ = {isa = PBXBuildFile; fileRef = E355FD2726793B6D0033D773 /* HomeViewRow.swift */; };
		E355FD2A2679845F0033D773 /* ContentView.swift in Sources */ = {isa = PBXBuildFile; fileRef = E355FD292679845F0033D773 /* ContentView.swift */; };
		E355FD2C2679E88D0033D773 /* ContentViewRow.swift in Sources */ = {isa = PBXBuildFile; fileRef = E355FD2B2679E88D0033D773 /* ContentViewRow.swift */; };
		E355FD2E2679E9DA0033D773 /* ContentDetailView.swift in Sources */ = {isa = PBXBuildFile; fileRef = E355FD2D2679E9DA0033D773 /* ContentDetailView.swift */; };
		E355FD312679EB8F0033D773 /* AVKit.framework in Frameworks */ = {isa = PBXBuildFile; fileRef = E355FD302679EB8F0033D773 /* AVKit.framework */; };
		E355FD332679EC550033D773 /* Constants.swift in Sources */ = {isa = PBXBuildFile; fileRef = E355FD322679EC550033D773 /* Constants.swift */; };
		E38CEC8626791AE70075F21A /* LearningApp.swift in Sources */ = {isa = PBXBuildFile; fileRef = E38CEC8526791AE70075F21A /* LearningApp.swift */; };
		E38CEC8826791AE70075F21A /* HomeView.swift in Sources */ = {isa = PBXBuildFile; fileRef = E38CEC8726791AE70075F21A /* HomeView.swift */; };
		E38CEC8A26791AE90075F21A /* Assets.xcassets in Resources */ = {isa = PBXBuildFile; fileRef = E38CEC8926791AE90075F21A /* Assets.xcassets */; };
		E38CEC8D26791AE90075F21A /* Preview Assets.xcassets in Resources */ = {isa = PBXBuildFile; fileRef = E38CEC8C26791AE90075F21A /* Preview Assets.xcassets */; };
		E38CEC9A26791BA90075F21A /* ContentModel.swift in Sources */ = {isa = PBXBuildFile; fileRef = E38CEC9926791BA90075F21A /* ContentModel.swift */; };
		E38CEC9D26791DB50075F21A /* data.json in Resources */ = {isa = PBXBuildFile; fileRef = E38CEC9B26791DB50075F21A /* data.json */; };
		E38CEC9E26791DB50075F21A /* style.html in Resources */ = {isa = PBXBuildFile; fileRef = E38CEC9C26791DB50075F21A /* style.html */; };
		E38CECA0267920290075F21A /* Models.swift in Sources */ = {isa = PBXBuildFile; fileRef = E38CEC9F267920290075F21A /* Models.swift */; };
/* End PBXBuildFile section */

/* Begin PBXFileReference section */
		E355FD2726793B6D0033D773 /* HomeViewRow.swift */ = {isa = PBXFileReference; lastKnownFileType = sourcecode.swift; path = HomeViewRow.swift; sourceTree = "<group>"; };
		E355FD292679845F0033D773 /* ContentView.swift */ = {isa = PBXFileReference; lastKnownFileType = sourcecode.swift; path = ContentView.swift; sourceTree = "<group>"; };
		E355FD2B2679E88D0033D773 /* ContentViewRow.swift */ = {isa = PBXFileReference; lastKnownFileType = sourcecode.swift; path = ContentViewRow.swift; sourceTree = "<group>"; };
		E355FD2D2679E9DA0033D773 /* ContentDetailView.swift */ = {isa = PBXFileReference; lastKnownFileType = sourcecode.swift; path = ContentDetailView.swift; sourceTree = "<group>"; };
		E355FD302679EB8F0033D773 /* AVKit.framework */ = {isa = PBXFileReference; lastKnownFileType = wrapper.framework; name = AVKit.framework; path = System/Library/Frameworks/AVKit.framework; sourceTree = SDKROOT; };
		E355FD322679EC550033D773 /* Constants.swift */ = {isa = PBXFileReference; lastKnownFileType = sourcecode.swift; path = Constants.swift; sourceTree = "<group>"; };
		E38CEC8226791AE70075F21A /* LearningApp.app */ = {isa = PBXFileReference; explicitFileType = wrapper.application; includeInIndex = 0; path = LearningApp.app; sourceTree = BUILT_PRODUCTS_DIR; };
		E38CEC8526791AE70075F21A /* LearningApp.swift */ = {isa = PBXFileReference; lastKnownFileType = sourcecode.swift; path = LearningApp.swift; sourceTree = "<group>"; };
		E38CEC8726791AE70075F21A /* HomeView.swift */ = {isa = PBXFileReference; lastKnownFileType = sourcecode.swift; path = HomeView.swift; sourceTree = "<group>"; };
		E38CEC8926791AE90075F21A /* Assets.xcassets */ = {isa = PBXFileReference; lastKnownFileType = folder.assetcatalog; path = Assets.xcassets; sourceTree = "<group>"; };
		E38CEC8C26791AE90075F21A /* Preview Assets.xcassets */ = {isa = PBXFileReference; lastKnownFileType = folder.assetcatalog; path = "Preview Assets.xcassets"; sourceTree = "<group>"; };
		E38CEC8E26791AE90075F21A /* Info.plist */ = {isa = PBXFileReference; lastKnownFileType = text.plist.xml; path = Info.plist; sourceTree = "<group>"; };
		E38CEC9926791BA90075F21A /* ContentModel.swift */ = {isa = PBXFileReference; lastKnownFileType = sourcecode.swift; path = ContentModel.swift; sourceTree = "<group>"; };
		E38CEC9B26791DB50075F21A /* data.json */ = {isa = PBXFileReference; fileEncoding = 4; lastKnownFileType = text.json; path = data.json; sourceTree = "<group>"; };
		E38CEC9C26791DB50075F21A /* style.html */ = {isa = PBXFileReference; fileEncoding = 4; lastKnownFileType = text.html; path = style.html; sourceTree = "<group>"; };
		E38CEC9F267920290075F21A /* Models.swift */ = {isa = PBXFileReference; lastKnownFileType = sourcecode.swift; path = Models.swift; sourceTree = "<group>"; };
/* End PBXFileReference section */

/* Begin PBXFrameworksBuildPhase section */
		E38CEC7F26791AE70075F21A /* Frameworks */ = {
			isa = PBXFrameworksBuildPhase;
			buildActionMask = 2147483647;
			files = (
				E355FD312679EB8F0033D773 /* AVKit.framework in Frameworks */,
			);
			runOnlyForDeploymentPostprocessing = 0;
		};
/* End PBXFrameworksBuildPhase section */

/* Begin PBXGroup section */
		E355FD2F2679EB8F0033D773 /* Frameworks */ = {
			isa = PBXGroup;
			children = (
				E355FD302679EB8F0033D773 /* AVKit.framework */,
			);
			name = Frameworks;
			sourceTree = "<group>";
		};
		E38CEC7926791AE70075F21A = {
			isa = PBXGroup;
			children = (
				E38CEC8426791AE70075F21A /* LearningApp */,
				E38CEC8326791AE70075F21A /* Products */,
				E355FD2F2679EB8F0033D773 /* Frameworks */,
			);
			sourceTree = "<group>";
		};
		E38CEC8326791AE70075F21A /* Products */ = {
			isa = PBXGroup;
			children = (
				E38CEC8226791AE70075F21A /* LearningApp.app */,
			);
			name = Products;
			sourceTree = "<group>";
		};
		E38CEC8426791AE70075F21A /* LearningApp */ = {
			isa = PBXGroup;
			children = (
				E38CEC8526791AE70075F21A /* LearningApp.swift */,
				E38CEC9426791B330075F21A /* Views */,
				E38CEC9526791B380075F21A /* ViewModels */,
				E38CEC9626791B450075F21A /* Models */,
				E38CEC9726791B490075F21A /* Resources */,
				E38CEC9826791B4E0075F21A /* Utilities */,
				E38CEC8926791AE90075F21A /* Assets.xcassets */,
				E38CEC8E26791AE90075F21A /* Info.plist */,
				E38CEC8B26791AE90075F21A /* Preview Content */,
			);
			path = LearningApp;
			sourceTree = "<group>";
		};
		E38CEC8B26791AE90075F21A /* Preview Content */ = {
			isa = PBXGroup;
			children = (
				E38CEC8C26791AE90075F21A /* Preview Assets.xcassets */,
			);
			path = "Preview Content";
			sourceTree = "<group>";
		};
		E38CEC9426791B330075F21A /* Views */ = {
			isa = PBXGroup;
			children = (
				E38CEC8726791AE70075F21A /* HomeView.swift */,
				E355FD2726793B6D0033D773 /* HomeViewRow.swift */,
				E355FD292679845F0033D773 /* ContentView.swift */,
				E355FD2B2679E88D0033D773 /* ContentViewRow.swift */,
				E355FD2D2679E9DA0033D773 /* ContentDetailView.swift */,
			);
			path = Views;
			sourceTree = "<group>";
		};
		E38CEC9526791B380075F21A /* ViewModels */ = {
			isa = PBXGroup;
			children = (
				E38CEC9926791BA90075F21A /* ContentModel.swift */,
			);
			path = ViewModels;
			sourceTree = "<group>";
		};
		E38CEC9626791B450075F21A /* Models */ = {
			isa = PBXGroup;
			children = (
				E38CEC9F267920290075F21A /* Models.swift */,
			);
			path = Models;
			sourceTree = "<group>";
		};
		E38CEC9726791B490075F21A /* Resources */ = {
			isa = PBXGroup;
			children = (
				E38CEC9B26791DB50075F21A /* data.json */,
				E38CEC9C26791DB50075F21A /* style.html */,
				E355FD322679EC550033D773 /* Constants.swift */,
			);
			path = Resources;
			sourceTree = "<group>";
		};
		E38CEC9826791B4E0075F21A /* Utilities */ = {
			isa = PBXGroup;
			children = (
			);
			path = Utilities;
			sourceTree = "<group>";
		};
/* End PBXGroup section */

/* Begin PBXNativeTarget section */
		E38CEC8126791AE70075F21A /* LearningApp */ = {
			isa = PBXNativeTarget;
			buildConfigurationList = E38CEC9126791AE90075F21A /* Build configuration list for PBXNativeTarget "LearningApp" */;
			buildPhases = (
				E38CEC7E26791AE70075F21A /* Sources */,
				E38CEC7F26791AE70075F21A /* Frameworks */,
				E38CEC8026791AE70075F21A /* Resources */,
			);
			buildRules = (
			);
			dependencies = (
			);
			name = LearningApp;
			productName = LearningApp;
			productReference = E38CEC8226791AE70075F21A /* LearningApp.app */;
			productType = "com.apple.product-type.application";
		};
/* End PBXNativeTarget section */

/* Begin PBXProject section */
		E38CEC7A26791AE70075F21A /* Project object */ = {
			isa = PBXProject;
			attributes = {
				LastSwiftUpdateCheck = 1250;
				LastUpgradeCheck = 1250;
				TargetAttributes = {
					E38CEC8126791AE70075F21A = {
						CreatedOnToolsVersion = 12.5;
					};
				};
			};
			buildConfigurationList = E38CEC7D26791AE70075F21A /* Build configuration list for PBXProject "LearningApp" */;
			compatibilityVersion = "Xcode 9.3";
			developmentRegion = en;
			hasScannedForEncodings = 0;
			knownRegions = (
				en,
				Base,
			);
			mainGroup = E38CEC7926791AE70075F21A;
			productRefGroup = E38CEC8326791AE70075F21A /* Products */;
			projectDirPath = "";
			projectRoot = "";
			targets = (
				E38CEC8126791AE70075F21A /* LearningApp */,
			);
		};
/* End PBXProject section */

/* Begin PBXResourcesBuildPhase section */
		E38CEC8026791AE70075F21A /* Resources */ = {
			isa = PBXResourcesBuildPhase;
			buildActionMask = 2147483647;
			files = (
				E38CEC8D26791AE90075F21A /* Preview Assets.xcassets in Resources */,
				E38CEC9D26791DB50075F21A /* data.json in Resources */,
				E38CEC9E26791DB50075F21A /* style.html in Resources */,
				E38CEC8A26791AE90075F21A /* Assets.xcassets in Resources */,
			);
			runOnlyForDeploymentPostprocessing = 0;
		};
/* End PBXResourcesBuildPhase section */

/* Begin PBXSourcesBuildPhase section */
		E38CEC7E26791AE70075F21A /* Sources */ = {
			isa = PBXSourcesBuildPhase;
			buildActionMask = 2147483647;
			files = (
				E38CEC8826791AE70075F21A /* HomeView.swift in Sources */,
				E355FD2826793B6D0033D773 /* HomeViewRow.swift in Sources */,
				E355FD2A2679845F0033D773 /* ContentView.swift in Sources */,
				E355FD2E2679E9DA0033D773 /* ContentDetailView.swift in Sources */,
				E38CEC8626791AE70075F21A /* LearningApp.swift in Sources */,
				E355FD2C2679E88D0033D773 /* ContentViewRow.swift in Sources */,
				E38CEC9A26791BA90075F21A /* ContentModel.swift in Sources */,
				E38CECA0267920290075F21A /* Models.swift in Sources */,
				E355FD332679EC550033D773 /* Constants.swift in Sources */,
			);
			runOnlyForDeploymentPostprocessing = 0;
		};
/* End PBXSourcesBuildPhase section */

/* Begin XCBuildConfiguration section */
		E38CEC8F26791AE90075F21A /* Debug */ = {
			isa = XCBuildConfiguration;
			buildSettings = {
				ALWAYS_SEARCH_USER_PATHS = NO;
				CLANG_ANALYZER_NONNULL = YES;
				CLANG_ANALYZER_NUMBER_OBJECT_CONVERSION = YES_AGGRESSIVE;
				CLANG_CXX_LANGUAGE_STANDARD = "gnu++14";
				CLANG_CXX_LIBRARY = "libc++";
				CLANG_ENABLE_MODULES = YES;
				CLANG_ENABLE_OBJC_ARC = YES;
				CLANG_ENABLE_OBJC_WEAK = YES;
				CLANG_WARN_BLOCK_CAPTURE_AUTORELEASING = YES;
				CLANG_WARN_BOOL_CONVERSION = YES;
				CLANG_WARN_COMMA = YES;
				CLANG_WARN_CONSTANT_CONVERSION = YES;
				CLANG_WARN_DEPRECATED_OBJC_IMPLEMENTATIONS = YES;
				CLANG_WARN_DIRECT_OBJC_ISA_USAGE = YES_ERROR;
				CLANG_WARN_DOCUMENTATION_COMMENTS = YES;
				CLANG_WARN_EMPTY_BODY = YES;
				CLANG_WARN_ENUM_CONVERSION = YES;
				CLANG_WARN_INFINITE_RECURSION = YES;
				CLANG_WARN_INT_CONVERSION = YES;
				CLANG_WARN_NON_LITERAL_NULL_CONVERSION = YES;
				CLANG_WARN_OBJC_IMPLICIT_RETAIN_SELF = YES;
				CLANG_WARN_OBJC_LITERAL_CONVERSION = YES;
				CLANG_WARN_OBJC_ROOT_CLASS = YES_ERROR;
				CLANG_WARN_QUOTED_INCLUDE_IN_FRAMEWORK_HEADER = YES;
				CLANG_WARN_RANGE_LOOP_ANALYSIS = YES;
				CLANG_WARN_STRICT_PROTOTYPES = YES;
				CLANG_WARN_SUSPICIOUS_MOVE = YES;
				CLANG_WARN_UNGUARDED_AVAILABILITY = YES_AGGRESSIVE;
				CLANG_WARN_UNREACHABLE_CODE = YES;
				CLANG_WARN__DUPLICATE_METHOD_MATCH = YES;
				COPY_PHASE_STRIP = NO;
				DEBUG_INFORMATION_FORMAT = dwarf;
				ENABLE_STRICT_OBJC_MSGSEND = YES;
				ENABLE_TESTABILITY = YES;
				GCC_C_LANGUAGE_STANDARD = gnu11;
				GCC_DYNAMIC_NO_PIC = NO;
				GCC_NO_COMMON_BLOCKS = YES;
				GCC_OPTIMIZATION_LEVEL = 0;
				GCC_PREPROCESSOR_DEFINITIONS = (
					"DEBUG=1",
					"$(inherited)",
				);
				GCC_WARN_64_TO_32_BIT_CONVERSION = YES;
				GCC_WARN_ABOUT_RETURN_TYPE = YES_ERROR;
				GCC_WARN_UNDECLARED_SELECTOR = YES;
				GCC_WARN_UNINITIALIZED_AUTOS = YES_AGGRESSIVE;
				GCC_WARN_UNUSED_FUNCTION = YES;
				GCC_WARN_UNUSED_VARIABLE = YES;
				IPHONEOS_DEPLOYMENT_TARGET = 14.5;
				MTL_ENABLE_DEBUG_INFO = INCLUDE_SOURCE;
				MTL_FAST_MATH = YES;
				ONLY_ACTIVE_ARCH = YES;
				SDKROOT = iphoneos;
				SWIFT_ACTIVE_COMPILATION_CONDITIONS = DEBUG;
				SWIFT_OPTIMIZATION_LEVEL = "-Onone";
			};
			name = Debug;
		};
		E38CEC9026791AE90075F21A /* Release */ = {
			isa = XCBuildConfiguration;
			buildSettings = {
				ALWAYS_SEARCH_USER_PATHS = NO;
				CLANG_ANALYZER_NONNULL = YES;
				CLANG_ANALYZER_NUMBER_OBJECT_CONVERSION = YES_AGGRESSIVE;
				CLANG_CXX_LANGUAGE_STANDARD = "gnu++14";
				CLANG_CXX_LIBRARY = "libc++";
				CLANG_ENABLE_MODULES = YES;
				CLANG_ENABLE_OBJC_ARC = YES;
				CLANG_ENABLE_OBJC_WEAK = YES;
				CLANG_WARN_BLOCK_CAPTURE_AUTORELEASING = YES;
				CLANG_WARN_BOOL_CONVERSION = YES;
				CLANG_WARN_COMMA = YES;
				CLANG_WARN_CONSTANT_CONVERSION = YES;
				CLANG_WARN_DEPRECATED_OBJC_IMPLEMENTATIONS = YES;
				CLANG_WARN_DIRECT_OBJC_ISA_USAGE = YES_ERROR;
				CLANG_WARN_DOCUMENTATION_COMMENTS = YES;
				CLANG_WARN_EMPTY_BODY = YES;
				CLANG_WARN_ENUM_CONVERSION = YES;
				CLANG_WARN_INFINITE_RECURSION = YES;
				CLANG_WARN_INT_CONVERSION = YES;
				CLANG_WARN_NON_LITERAL_NULL_CONVERSION = YES;
				CLANG_WARN_OBJC_IMPLICIT_RETAIN_SELF = YES;
				CLANG_WARN_OBJC_LITERAL_CONVERSION = YES;
				CLANG_WARN_OBJC_ROOT_CLASS = YES_ERROR;
				CLANG_WARN_QUOTED_INCLUDE_IN_FRAMEWORK_HEADER = YES;
				CLANG_WARN_RANGE_LOOP_ANALYSIS = YES;
				CLANG_WARN_STRICT_PROTOTYPES = YES;
				CLANG_WARN_SUSPICIOUS_MOVE = YES;
				CLANG_WARN_UNGUARDED_AVAILABILITY = YES_AGGRESSIVE;
				CLANG_WARN_UNREACHABLE_CODE = YES;
				CLANG_WARN__DUPLICATE_METHOD_MATCH = YES;
				COPY_PHASE_STRIP = NO;
				DEBUG_INFORMATION_FORMAT = "dwarf-with-dsym";
				ENABLE_NS_ASSERTIONS = NO;
				ENABLE_STRICT_OBJC_MSGSEND = YES;
				GCC_C_LANGUAGE_STANDARD = gnu11;
				GCC_NO_COMMON_BLOCKS = YES;
				GCC_WARN_64_TO_32_BIT_CONVERSION = YES;
				GCC_WARN_ABOUT_RETURN_TYPE = YES_ERROR;
				GCC_WARN_UNDECLARED_SELECTOR = YES;
				GCC_WARN_UNINITIALIZED_AUTOS = YES_AGGRESSIVE;
				GCC_WARN_UNUSED_FUNCTION = YES;
				GCC_WARN_UNUSED_VARIABLE = YES;
				IPHONEOS_DEPLOYMENT_TARGET = 14.5;
				MTL_ENABLE_DEBUG_INFO = NO;
				MTL_FAST_MATH = YES;
				SDKROOT = iphoneos;
				SWIFT_COMPILATION_MODE = wholemodule;
				SWIFT_OPTIMIZATION_LEVEL = "-O";
				VALIDATE_PRODUCT = YES;
			};
			name = Release;
		};
		E38CEC9226791AE90075F21A /* Debug */ = {
			isa = XCBuildConfiguration;
			buildSettings = {
				ASSETCATALOG_COMPILER_APPICON_NAME = AppIcon;
				ASSETCATALOG_COMPILER_GLOBAL_ACCENT_COLOR_NAME = AccentColor;
				CODE_SIGN_STYLE = Automatic;
				DEVELOPMENT_ASSET_PATHS = "\"LearningApp/Preview Content\"";
				ENABLE_PREVIEWS = YES;
				INFOPLIST_FILE = LearningApp/Info.plist;
				IPHONEOS_DEPLOYMENT_TARGET = 14.0;
				LD_RUNPATH_SEARCH_PATHS = (
					"$(inherited)",
					"@executable_path/Frameworks",
				);
				PRODUCT_BUNDLE_IDENTIFIER = tester.LearningApp;
				PRODUCT_NAME = "$(TARGET_NAME)";
				SWIFT_VERSION = 5.0;
				TARGETED_DEVICE_FAMILY = "1,2";
			};
			name = Debug;
		};
		E38CEC9326791AE90075F21A /* Release */ = {
			isa = XCBuildConfiguration;
			buildSettings = {
				ASSETCATALOG_COMPILER_APPICON_NAME = AppIcon;
				ASSETCATALOG_COMPILER_GLOBAL_ACCENT_COLOR_NAME = AccentColor;
				CODE_SIGN_STYLE = Automatic;
				DEVELOPMENT_ASSET_PATHS = "\"LearningApp/Preview Content\"";
				ENABLE_PREVIEWS = YES;
				INFOPLIST_FILE = LearningApp/Info.plist;
				IPHONEOS_DEPLOYMENT_TARGET = 14.0;
				LD_RUNPATH_SEARCH_PATHS = (
					"$(inherited)",
					"@executable_path/Frameworks",
				);
				PRODUCT_BUNDLE_IDENTIFIER = tester.LearningApp;
				PRODUCT_NAME = "$(TARGET_NAME)";
				SWIFT_VERSION = 5.0;
				TARGETED_DEVICE_FAMILY = "1,2";
			};
			name = Release;
		};
/* End XCBuildConfiguration section */

/* Begin XCConfigurationList section */
		E38CEC7D26791AE70075F21A /* Build configuration list for PBXProject "LearningApp" */ = {
			isa = XCConfigurationList;
			buildConfigurations = (
				E38CEC8F26791AE90075F21A /* Debug */,
				E38CEC9026791AE90075F21A /* Release */,
			);
			defaultConfigurationIsVisible = 0;
			defaultConfigurationName = Release;
		};
		E38CEC9126791AE90075F21A /* Build configuration list for PBXNativeTarget "LearningApp" */ = {
			isa = XCConfigurationList;
			buildConfigurations = (
				E38CEC9226791AE90075F21A /* Debug */,
				E38CEC9326791AE90075F21A /* Release */,
			);
			defaultConfigurationIsVisible = 0;
			defaultConfigurationName = Release;
		};
/* End XCConfigurationList section */
	};
	rootObject = E38CEC7A26791AE70075F21A /* Project object */;
}
